// !$*UTF8*$!
{
	archiveVersion = 1;
	classes = {
	};
	objectVersion = 48;
	objects = {

/* Begin PBXBuildFile section */
		07EC27891FE80888008E6637 /* AppDelegate.swift in Sources */ = {isa = PBXBuildFile; fileRef = 07EC27881FE80888008E6637 /* AppDelegate.swift */; };
		07EC278B1FE80888008E6637 /* WelcomeVC.swift in Sources */ = {isa = PBXBuildFile; fileRef = 07EC278A1FE80888008E6637 /* WelcomeVC.swift */; };
		07EC278E1FE80888008E6637 /* Main.storyboard in Resources */ = {isa = PBXBuildFile; fileRef = 07EC278C1FE80888008E6637 /* Main.storyboard */; };
		07EC27901FE80888008E6637 /* Assets.xcassets in Resources */ = {isa = PBXBuildFile; fileRef = 07EC278F1FE80888008E6637 /* Assets.xcassets */; };
		07EC27931FE80888008E6637 /* LaunchScreen.storyboard in Resources */ = {isa = PBXBuildFile; fileRef = 07EC27911FE80888008E6637 /* LaunchScreen.storyboard */; };
		07EC279C1FE80D9F008E6637 /* BorderButton.swift in Sources */ = {isa = PBXBuildFile; fileRef = 07EC279B1FE80D9F008E6637 /* BorderButton.swift */; };
		07EC27A01FEAC397008E6637 /* LeagueVC.swift in Sources */ = {isa = PBXBuildFile; fileRef = 07EC279F1FEAC397008E6637 /* LeagueVC.swift */; };
		07EC27A21FEAC3A5008E6637 /* SkillVC.swift in Sources */ = {isa = PBXBuildFile; fileRef = 07EC27A11FEAC3A5008E6637 /* SkillVC.swift */; };
/* End PBXBuildFile section */

/* Begin PBXFileReference section */
		07EC27851FE80887008E6637 /* app-swoosh.app */ = {isa = PBXFileReference; explicitFileType = wrapper.application; includeInIndex = 0; path = "app-swoosh.app"; sourceTree = BUILT_PRODUCTS_DIR; };
		07EC27881FE80888008E6637 /* AppDelegate.swift */ = {isa = PBXFileReference; lastKnownFileType = sourcecode.swift; path = AppDelegate.swift; sourceTree = "<group>"; };
		07EC278A1FE80888008E6637 /* WelcomeVC.swift */ = {isa = PBXFileReference; lastKnownFileType = sourcecode.swift; path = WelcomeVC.swift; sourceTree = "<group>"; };
		07EC278D1FE80888008E6637 /* Base */ = {isa = PBXFileReference; lastKnownFileType = file.storyboard; name = Base; path = Base.lproj/Main.storyboard; sourceTree = "<group>"; };
		07EC278F1FE80888008E6637 /* Assets.xcassets */ = {isa = PBXFileReference; lastKnownFileType = folder.assetcatalog; path = Assets.xcassets; sourceTree = "<group>"; };
		07EC27921FE80888008E6637 /* Base */ = {isa = PBXFileReference; lastKnownFileType = file.storyboard; name = Base; path = Base.lproj/LaunchScreen.storyboard; sourceTree = "<group>"; };
		07EC27941FE80888008E6637 /* Info.plist */ = {isa = PBXFileReference; lastKnownFileType = text.plist.xml; path = Info.plist; sourceTree = "<group>"; };
		07EC279B1FE80D9F008E6637 /* BorderButton.swift */ = {isa = PBXFileReference; lastKnownFileType = sourcecode.swift; path = BorderButton.swift; sourceTree = "<group>"; };
		07EC279F1FEAC397008E6637 /* LeagueVC.swift */ = {isa = PBXFileReference; lastKnownFileType = sourcecode.swift; path = LeagueVC.swift; sourceTree = "<group>"; };
		07EC27A11FEAC3A5008E6637 /* SkillVC.swift */ = {isa = PBXFileReference; lastKnownFileType = sourcecode.swift; path = SkillVC.swift; sourceTree = "<group>"; };
/* End PBXFileReference section */

/* Begin PBXFrameworksBuildPhase section */
		07EC27821FE80887008E6637 /* Frameworks */ = {
			isa = PBXFrameworksBuildPhase;
			buildActionMask = 2147483647;
			files = (
			);
			runOnlyForDeploymentPostprocessing = 0;
		};
/* End PBXFrameworksBuildPhase section */

/* Begin PBXGroup section */
		07EC277C1FE80887008E6637 = {
			isa = PBXGroup;
			children = (
				07EC27871FE80888008E6637 /* app-swoosh */,
				07EC27861FE80887008E6637 /* Products */,
			);
			sourceTree = "<group>";
		};
		07EC27861FE80887008E6637 /* Products */ = {
			isa = PBXGroup;
			children = (
				07EC27851FE80887008E6637 /* app-swoosh.app */,
			);
			name = Products;
			sourceTree = "<group>";
		};
		07EC27871FE80888008E6637 /* app-swoosh */ = {
			isa = PBXGroup;
			children = (
				07EC279E1FEAC301008E6637 /* Controller */,
				07EC279D1FEAC2FB008E6637 /* Model */,
				07EC279A1FE80D49008E6637 /* View */,
				07EC27881FE80888008E6637 /* AppDelegate.swift */,
				07EC278C1FE80888008E6637 /* Main.storyboard */,
				07EC278F1FE80888008E6637 /* Assets.xcassets */,
				07EC27911FE80888008E6637 /* LaunchScreen.storyboard */,
				07EC27941FE80888008E6637 /* Info.plist */,
			);
			path = "app-swoosh";
			sourceTree = "<group>";
		};
		07EC279A1FE80D49008E6637 /* View */ = {
			isa = PBXGroup;
			children = (
				07EC279B1FE80D9F008E6637 /* BorderButton.swift */,
			);
			path = View;
			sourceTree = "<group>";
		};
		07EC279D1FEAC2FB008E6637 /* Model */ = {
			isa = PBXGroup;
			children = (
			);
			path = Model;
			sourceTree = "<group>";
		};
		07EC279E1FEAC301008E6637 /* Controller */ = {
			isa = PBXGroup;
			children = (
				07EC278A1FE80888008E6637 /* WelcomeVC.swift */,
				07EC279F1FEAC397008E6637 /* LeagueVC.swift */,
				07EC27A11FEAC3A5008E6637 /* SkillVC.swift */,
			);
			path = Controller;
			sourceTree = "<group>";
		};
/* End PBXGroup section */

/* Begin PBXNativeTarget section */
		07EC27841FE80887008E6637 /* app-swoosh */ = {
			isa = PBXNativeTarget;
			buildConfigurationList = 07EC27971FE80888008E6637 /* Build configuration list for PBXNativeTarget "app-swoosh" */;
			buildPhases = (
				07EC27811FE80887008E6637 /* Sources */,
				07EC27821FE80887008E6637 /* Frameworks */,
				07EC27831FE80887008E6637 /* Resources */,
			);
			buildRules = (
			);
			dependencies = (
			);
			name = "app-swoosh";
			productName = "app-swoosh";
			productReference = 07EC27851FE80887008E6637 /* app-swoosh.app */;
			productType = "com.apple.product-type.application";
		};
/* End PBXNativeTarget section */

/* Begin PBXProject section */
		07EC277D1FE80887008E6637 /* Project object */ = {
			isa = PBXProject;
			attributes = {
				LastSwiftUpdateCheck = 0920;
				LastUpgradeCheck = 0920;
				ORGANIZATIONNAME = "Daniel Winship";
				TargetAttributes = {
					07EC27841FE80887008E6637 = {
						CreatedOnToolsVersion = 9.2;
						ProvisioningStyle = Automatic;
					};
				};
			};
			buildConfigurationList = 07EC27801FE80887008E6637 /* Build configuration list for PBXProject "app-swoosh" */;
			compatibilityVersion = "Xcode 8.0";
			developmentRegion = en;
			hasScannedForEncodings = 0;
			knownRegions = (
				en,
				Base,
			);
			mainGroup = 07EC277C1FE80887008E6637;
			productRefGroup = 07EC27861FE80887008E6637 /* Products */;
			projectDirPath = "";
			projectRoot = "";
			targets = (
				07EC27841FE80887008E6637 /* app-swoosh */,
			);
		};
/* End PBXProject section */

/* Begin PBXResourcesBuildPhase section */
		07EC27831FE80887008E6637 /* Resources */ = {
			isa = PBXResourcesBuildPhase;
			buildActionMask = 2147483647;
			files = (
				07EC27931FE80888008E6637 /* LaunchScreen.storyboard in Resources */,
				07EC27901FE80888008E6637 /* Assets.xcassets in Resources */,
				07EC278E1FE80888008E6637 /* Main.storyboard in Resources */,
			);
			runOnlyForDeploymentPostprocessing = 0;
		};
/* End PBXResourcesBuildPhase section */

/* Begin PBXSourcesBuildPhase section */
		07EC27811FE80887008E6637 /* Sources */ = {
			isa = PBXSourcesBuildPhase;
			buildActionMask = 2147483647;
			files = (
				07EC278B1FE80888008E6637 /* WelcomeVC.swift in Sources */,
				07EC27A01FEAC397008E6637 /* LeagueVC.swift in Sources */,
				07EC27891FE80888008E6637 /* AppDelegate.swift in Sources */,
				07EC27A21FEAC3A5008E6637 /* SkillVC.swift in Sources */,
				07EC279C1FE80D9F008E6637 /* BorderButton.swift in Sources */,
			);
			runOnlyForDeploymentPostprocessing = 0;
		};
/* End PBXSourcesBuildPhase section */

/* Begin PBXVariantGroup section */
		07EC278C1FE80888008E6637 /* Main.storyboard */ = {
			isa = PBXVariantGroup;
			children = (
				07EC278D1FE80888008E6637 /* Base */,
			);
			name = Main.storyboard;
			sourceTree = "<group>";
		};
		07EC27911FE80888008E6637 /* LaunchScreen.storyboard */ = {
			isa = PBXVariantGroup;
			children = (
				07EC27921FE80888008E6637 /* Base */,
			);
			name = LaunchScreen.storyboard;
			sourceTree = "<group>";
		};
/* End PBXVariantGroup section */

/* Begin XCBuildConfiguration section */
		07EC27951FE80888008E6637 /* Debug */ = {
			isa = XCBuildConfiguration;
			buildSettings = {
				ALWAYS_SEARCH_USER_PATHS = NO;
				CLANG_ANALYZER_NONNULL = YES;
				CLANG_ANALYZER_NUMBER_OBJECT_CONVERSION = YES_AGGRESSIVE;
				CLANG_CXX_LANGUAGE_STANDARD = "gnu++14";
				CLANG_CXX_LIBRARY = "libc++";
				CLANG_ENABLE_MODULES = YES;
				CLANG_ENABLE_OBJC_ARC = YES;
				CLANG_WARN_BLOCK_CAPTURE_AUTORELEASING = YES;
				CLANG_WARN_BOOL_CONVERSION = YES;
				CLANG_WARN_COMMA = YES;
				CLANG_WARN_CONSTANT_CONVERSION = YES;
				CLANG_WARN_DIRECT_OBJC_ISA_USAGE = YES_ERROR;
				CLANG_WARN_DOCUMENTATION_COMMENTS = YES;
				CLANG_WARN_EMPTY_BODY = YES;
				CLANG_WARN_ENUM_CONVERSION = YES;
				CLANG_WARN_INFINITE_RECURSION = YES;
				CLANG_WARN_INT_CONVERSION = YES;
				CLANG_WARN_NON_LITERAL_NULL_CONVERSION = YES;
				CLANG_WARN_OBJC_LITERAL_CONVERSION = YES;
				CLANG_WARN_OBJC_ROOT_CLASS = YES_ERROR;
				CLANG_WARN_RANGE_LOOP_ANALYSIS = YES;
				CLANG_WARN_STRICT_PROTOTYPES = YES;
				CLANG_WARN_SUSPICIOUS_MOVE = YES;
				CLANG_WARN_UNGUARDED_AVAILABILITY = YES_AGGRESSIVE;
				CLANG_WARN_UNREACHABLE_CODE = YES;
				CLANG_WARN__DUPLICATE_METHOD_MATCH = YES;
				CODE_SIGN_IDENTITY = "iPhone Developer";
				COPY_PHASE_STRIP = NO;
				DEBUG_INFORMATION_FORMAT = dwarf;
				ENABLE_STRICT_OBJC_MSGSEND = YES;
				ENABLE_TESTABILITY = YES;
				GCC_C_LANGUAGE_STANDARD = gnu11;
				GCC_DYNAMIC_NO_PIC = NO;
				GCC_NO_COMMON_BLOCKS = YES;
				GCC_OPTIMIZATION_LEVEL = 0;
				GCC_PREPROCESSOR_DEFINITIONS = (
					"DEBUG=1",
					"$(inherited)",
				);
				GCC_WARN_64_TO_32_BIT_CONVERSION = YES;
				GCC_WARN_ABOUT_RETURN_TYPE = YES_ERROR;
				GCC_WARN_UNDECLARED_SELECTOR = YES;
				GCC_WARN_UNINITIALIZED_AUTOS = YES_AGGRESSIVE;
				GCC_WARN_UNUSED_FUNCTION = YES;
				GCC_WARN_UNUSED_VARIABLE = YES;
				IPHONEOS_DEPLOYMENT_TARGET = 11.2;
				MTL_ENABLE_DEBUG_INFO = YES;
				ONLY_ACTIVE_ARCH = YES;
				SDKROOT = iphoneos;
				SWIFT_ACTIVE_COMPILATION_CONDITIONS = DEBUG;
				SWIFT_OPTIMIZATION_LEVEL = "-Onone";
			};
			name = Debug;
		};
		07EC27961FE80888008E6637 /* Release */ = {
			isa = XCBuildConfiguration;
			buildSettings = {
				ALWAYS_SEARCH_USER_PATHS = NO;
				CLANG_ANALYZER_NONNULL = YES;
				CLANG_ANALYZER_NUMBER_OBJECT_CONVERSION = YES_AGGRESSIVE;
				CLANG_CXX_LANGUAGE_STANDARD = "gnu++14";
				CLANG_CXX_LIBRARY = "libc++";
				CLANG_ENABLE_MODULES = YES;
				CLANG_ENABLE_OBJC_ARC = YES;
				CLANG_WARN_BLOCK_CAPTURE_AUTORELEASING = YES;
				CLANG_WARN_BOOL_CONVERSION = YES;
				CLANG_WARN_COMMA = YES;
				CLANG_WARN_CONSTANT_CONVERSION = YES;
				CLANG_WARN_DIRECT_OBJC_ISA_USAGE = YES_ERROR;
				CLANG_WARN_DOCUMENTATION_COMMENTS = YES;
				CLANG_WARN_EMPTY_BODY = YES;
				CLANG_WARN_ENUM_CONVERSION = YES;
				CLANG_WARN_INFINITE_RECURSION = YES;
				CLANG_WARN_INT_CONVERSION = YES;
				CLANG_WARN_NON_LITERAL_NULL_CONVERSION = YES;
				CLANG_WARN_OBJC_LITERAL_CONVERSION = YES;
				CLANG_WARN_OBJC_ROOT_CLASS = YES_ERROR;
				CLANG_WARN_RANGE_LOOP_ANALYSIS = YES;
				CLANG_WARN_STRICT_PROTOTYPES = YES;
				CLANG_WARN_SUSPICIOUS_MOVE = YES;
				CLANG_WARN_UNGUARDED_AVAILABILITY = YES_AGGRESSIVE;
				CLANG_WARN_UNREACHABLE_CODE = YES;
				CLANG_WARN__DUPLICATE_METHOD_MATCH = YES;
				CODE_SIGN_IDENTITY = "iPhone Developer";
				COPY_PHASE_STRIP = NO;
				DEBUG_INFORMATION_FORMAT = "dwarf-with-dsym";
				ENABLE_NS_ASSERTIONS = NO;
				ENABLE_STRICT_OBJC_MSGSEND = YES;
				GCC_C_LANGUAGE_STANDARD = gnu11;
				GCC_NO_COMMON_BLOCKS = YES;
				GCC_WARN_64_TO_32_BIT_CONVERSION = YES;
				GCC_WARN_ABOUT_RETURN_TYPE = YES_ERROR;
				GCC_WARN_UNDECLARED_SELECTOR = YES;
				GCC_WARN_UNINITIALIZED_AUTOS = YES_AGGRESSIVE;
				GCC_WARN_UNUSED_FUNCTION = YES;
				GCC_WARN_UNUSED_VARIABLE = YES;
				IPHONEOS_DEPLOYMENT_TARGET = 11.2;
				MTL_ENABLE_DEBUG_INFO = NO;
				SDKROOT = iphoneos;
				SWIFT_OPTIMIZATION_LEVEL = "-Owholemodule";
				VALIDATE_PRODUCT = YES;
			};
			name = Release;
		};
		07EC27981FE80888008E6637 /* Debug */ = {
			isa = XCBuildConfiguration;
			buildSettings = {
				ASSETCATALOG_COMPILER_APPICON_NAME = AppIcon;
				CODE_SIGN_STYLE = Automatic;
				DEVELOPMENT_TEAM = N95H2TM65M;
				INFOPLIST_FILE = "app-swoosh/Info.plist";
				LD_RUNPATH_SEARCH_PATHS = "$(inherited) @executable_path/Frameworks";
				PRODUCT_BUNDLE_IDENTIFIER = "com.danielwinship.app-swoosh";
				PRODUCT_NAME = "$(TARGET_NAME)";
				SWIFT_VERSION = 4.0;
				TARGETED_DEVICE_FAMILY = "1,2";
			};
			name = Debug;
		};
		07EC27991FE80888008E6637 /* Release */ = {
			isa = XCBuildConfiguration;
			buildSettings = {
				ASSETCATALOG_COMPILER_APPICON_NAME = AppIcon;
				CODE_SIGN_STYLE = Automatic;
				DEVELOPMENT_TEAM = N95H2TM65M;
				INFOPLIST_FILE = "app-swoosh/Info.plist";
				LD_RUNPATH_SEARCH_PATHS = "$(inherited) @executable_path/Frameworks";
				PRODUCT_BUNDLE_IDENTIFIER = "com.danielwinship.app-swoosh";
				PRODUCT_NAME = "$(TARGET_NAME)";
				SWIFT_VERSION = 4.0;
				TARGETED_DEVICE_FAMILY = "1,2";
			};
			name = Release;
		};
/* End XCBuildConfiguration section */

/* Begin XCConfigurationList section */
		07EC27801FE80887008E6637 /* Build configuration list for PBXProject "app-swoosh" */ = {
			isa = XCConfigurationList;
			buildConfigurations = (
				07EC27951FE80888008E6637 /* Debug */,
				07EC27961FE80888008E6637 /* Release */,
			);
			defaultConfigurationIsVisible = 0;
			defaultConfigurationName = Release;
		};
		07EC27971FE80888008E6637 /* Build configuration list for PBXNativeTarget "app-swoosh" */ = {
			isa = XCConfigurationList;
			buildConfigurations = (
				07EC27981FE80888008E6637 /* Debug */,
				07EC27991FE80888008E6637 /* Release */,
			);
			defaultConfigurationIsVisible = 0;
			defaultConfigurationName = Release;
		};
/* End XCConfigurationList section */
	};
	rootObject = 07EC277D1FE80887008E6637 /* Project object */;
}
